// !$*UTF8*$!
{
	archiveVersion = 1;
	classes = {
	};
	objectVersion = 52;
	objects = {

/* Begin PBXBuildFile section */
		D33A0FE226B10D62002DA455 /* GitHubClientApp.swift in Sources */ = {isa = PBXBuildFile; fileRef = D33A0FE126B10D62002DA455 /* GitHubClientApp.swift */; };
		D33A0FE626B10D63002DA455 /* Assets.xcassets in Resources */ = {isa = PBXBuildFile; fileRef = D33A0FE526B10D63002DA455 /* Assets.xcassets */; };
		D33A0FE926B10D63002DA455 /* Preview Assets.xcassets in Resources */ = {isa = PBXBuildFile; fileRef = D33A0FE826B10D63002DA455 /* Preview Assets.xcassets */; };
		D33A0FF726B10D75002DA455 /* GitHubClientTests.swift in Sources */ = {isa = PBXBuildFile; fileRef = D33A0FF626B10D75002DA455 /* GitHubClientTests.swift */; };
		D33A100026B10DE7002DA455 /* Apollo in Frameworks */ = {isa = PBXBuildFile; productRef = D33A0FFF26B10DE7002DA455 /* Apollo */; };
		D33A101126B10E51002DA455 /* ProfileUseCase.swift in Sources */ = {isa = PBXBuildFile; fileRef = D33A100326B10E51002DA455 /* ProfileUseCase.swift */; };
		D33A101226B10E51002DA455 /* ProfileInteractor.swift in Sources */ = {isa = PBXBuildFile; fileRef = D33A100426B10E51002DA455 /* ProfileInteractor.swift */; };
		D33A101326B10E51002DA455 /* API.swift in Sources */ = {isa = PBXBuildFile; fileRef = D33A100626B10E51002DA455 /* API.swift */; };
		D33A101426B10E51002DA455 /* PrivateKey.swift in Sources */ = {isa = PBXBuildFile; fileRef = D33A100826B10E51002DA455 /* PrivateKey.swift */; };
		D33A101526B10E51002DA455 /* GitHubUser.swift in Sources */ = {isa = PBXBuildFile; fileRef = D33A100A26B10E51002DA455 /* GitHubUser.swift */; };
		D33A101626B10E51002DA455 /* Me.swift in Sources */ = {isa = PBXBuildFile; fileRef = D33A100B26B10E51002DA455 /* Me.swift */; };
		D33A101726B10E51002DA455 /* ApiErrors.swift in Sources */ = {isa = PBXBuildFile; fileRef = D33A100D26B10E51002DA455 /* ApiErrors.swift */; };
		D33A101926B10E51002DA455 /* APIClient.swift in Sources */ = {isa = PBXBuildFile; fileRef = D33A100F26B10E51002DA455 /* APIClient.swift */; };
		D33F721D26D63BCD008CCBAC /* GitHubOrganization.swift in Sources */ = {isa = PBXBuildFile; fileRef = D33F721C26D63BCD008CCBAC /* GitHubOrganization.swift */; };
		D33F722026D640E7008CCBAC /* chExist.swift in Sources */ = {isa = PBXBuildFile; fileRef = D33F721F26D640E7008CCBAC /* chExist.swift */; };
		D34D20A226CE640A006B86EF /* SwiftUIX in Frameworks */ = {isa = PBXBuildFile; productRef = D34D20A126CE640A006B86EF /* SwiftUIX */; };
		D360117326C01ADA008C37FD /* RepositoryCardView.swift in Sources */ = {isa = PBXBuildFile; fileRef = D360117226C01ADA008C37FD /* RepositoryCardView.swift */; };
		D365EAC226CF76F9001F9332 /* Mock.swift in Sources */ = {isa = PBXBuildFile; fileRef = D365EAC126CF76F9001F9332 /* Mock.swift */; };
		D365EAC526CF771D001F9332 /* Stub.swift in Sources */ = {isa = PBXBuildFile; fileRef = D365EAC426CF771D001F9332 /* Stub.swift */; };
		D365EAC626CF78C5001F9332 /* ProfileUseCaseMock.swift in Sources */ = {isa = PBXBuildFile; fileRef = D3F1BAC726CD474B00046689 /* ProfileUseCaseMock.swift */; };
		D365EAC826CF7FD1001F9332 /* RepositoryUseCaseMock.swift in Sources */ = {isa = PBXBuildFile; fileRef = D365EAC726CF7FD1001F9332 /* RepositoryUseCaseMock.swift */; };
		D365EACC26CFA2A5001F9332 /* RepositoryGatewayMock.swift in Sources */ = {isa = PBXBuildFile; fileRef = D365EACB26CFA2A5001F9332 /* RepositoryGatewayMock.swift */; };
		D365EACE26CFACC6001F9332 /* MockError.swift in Sources */ = {isa = PBXBuildFile; fileRef = D365EACD26CFACC6001F9332 /* MockError.swift */; };
		D365EAD626CFB82F001F9332 /* ProfileInteractorTests.swift in Sources */ = {isa = PBXBuildFile; fileRef = D365EAD526CFB82F001F9332 /* ProfileInteractorTests.swift */; };
		D365EAD826CFB9F7001F9332 /* ProfileGatewayMock.swift in Sources */ = {isa = PBXBuildFile; fileRef = D365EAD726CFB9F7001F9332 /* ProfileGatewayMock.swift */; };
		D37F2CA326D2029E00C453BA /* RepositoryListViewModelTests.swift in Sources */ = {isa = PBXBuildFile; fileRef = D37F2CA226D2029E00C453BA /* RepositoryListViewModelTests.swift */; };
		D3ABFFE826D0E9690048875B /* RepositoryInteractorTests.swift in Sources */ = {isa = PBXBuildFile; fileRef = D3ABFFE726D0E9690048875B /* RepositoryInteractorTests.swift */; };
		D3ABFFEC26D0FAA20048875B /* Publisher+DelegateError.swift in Sources */ = {isa = PBXBuildFile; fileRef = D3ABFFEB26D0FAA20048875B /* Publisher+DelegateError.swift */; };
		D3ABFFEE26D106960048875B /* DelegateMock.swift in Sources */ = {isa = PBXBuildFile; fileRef = D3ABFFED26D106960048875B /* DelegateMock.swift */; };
		D3B4BF9726D8A5A1001DA3B8 /* WelcomeViewModel.swift in Sources */ = {isa = PBXBuildFile; fileRef = D3B4BF9626D8A5A1001DA3B8 /* WelcomeViewModel.swift */; };
		D3B4D24826D24513008BBFC4 /* PublisherValidation.swift in Sources */ = {isa = PBXBuildFile; fileRef = D3B4D24726D24513008BBFC4 /* PublisherValidation.swift */; };
		D3B4D24A26D24A2A008BBFC4 /* MockOutput.swift in Sources */ = {isa = PBXBuildFile; fileRef = D3B4D24926D24A2A008BBFC4 /* MockOutput.swift */; };
		D3BA478A26D77C4400C1F5B5 /* AuthGateway.swift in Sources */ = {isa = PBXBuildFile; fileRef = D3BA478926D77C4400C1F5B5 /* AuthGateway.swift */; };
		D3BA478C26D795EA00C1F5B5 /* AuthClient.swift in Sources */ = {isa = PBXBuildFile; fileRef = D3BA478B26D795EA00C1F5B5 /* AuthClient.swift */; };
		D3BA478F26D7962300C1F5B5 /* Alamofire in Frameworks */ = {isa = PBXBuildFile; productRef = D3BA478E26D7962300C1F5B5 /* Alamofire */; };
		D3BA479526D79D0500C1F5B5 /* WelcomeScreen.swift in Sources */ = {isa = PBXBuildFile; fileRef = D3BA479426D79D0500C1F5B5 /* WelcomeScreen.swift */; };
		D3BA479726D7A12000C1F5B5 /* GitHubOAuthInteractor.swift in Sources */ = {isa = PBXBuildFile; fileRef = D3BA479626D7A12000C1F5B5 /* GitHubOAuthInteractor.swift */; };
		D3BA479926D7B62700C1F5B5 /* GitHubOAuthWebView.swift in Sources */ = {isa = PBXBuildFile; fileRef = D3BA479826D7B62700C1F5B5 /* GitHubOAuthWebView.swift */; };
		D3BA479C26D7D08400C1F5B5 /* KeychainAccess in Frameworks */ = {isa = PBXBuildFile; productRef = D3BA479B26D7D08400C1F5B5 /* KeychainAccess */; };
		D3BA47A126D7D0A200C1F5B5 /* DataStore.swift in Sources */ = {isa = PBXBuildFile; fileRef = D3BA47A026D7D0A200C1F5B5 /* DataStore.swift */; };
		D3BA47A626D7D36500C1F5B5 /* GitHubOAuthUseCase.swift in Sources */ = {isa = PBXBuildFile; fileRef = D3BA47A526D7D36500C1F5B5 /* GitHubOAuthUseCase.swift */; };
		D3BC9A6026D3849C0063A9F5 /* Kingfisher in Frameworks */ = {isa = PBXBuildFile; productRef = D3BC9A5F26D3849C0063A9F5 /* Kingfisher */; };
		D3BC9A6326D384CD0063A9F5 /* NetworkImage.swift in Sources */ = {isa = PBXBuildFile; fileRef = D3BC9A6226D384CD0063A9F5 /* NetworkImage.swift */; };
		D3BC9A6626D398C10063A9F5 /* DIContainer.swift in Sources */ = {isa = PBXBuildFile; fileRef = D3BC9A6526D398C10063A9F5 /* DIContainer.swift */; };
		D3BC9A6926D483AB0063A9F5 /* Swinject in Frameworks */ = {isa = PBXBuildFile; productRef = D3BC9A6826D483AB0063A9F5 /* Swinject */; };
		D3BC9A6D26D4AF020063A9F5 /* SnackBar.swift in Sources */ = {isa = PBXBuildFile; fileRef = D3BC9A6C26D4AF020063A9F5 /* SnackBar.swift */; };
		D3BC9A6F26D4B9EA0063A9F5 /* MyProfileScreen.swift in Sources */ = {isa = PBXBuildFile; fileRef = D3BC9A6E26D4B9EA0063A9F5 /* MyProfileScreen.swift */; };
		D3BC9A7126D4BB5C0063A9F5 /* ProfileViewModelTests.swift in Sources */ = {isa = PBXBuildFile; fileRef = D3BC9A7026D4BB5C0063A9F5 /* ProfileViewModelTests.swift */; };
		D3BC9A7326D4BC160063A9F5 /* AppViewModel.swift in Sources */ = {isa = PBXBuildFile; fileRef = D3BC9A7226D4BC160063A9F5 /* AppViewModel.swift */; };
		D3BC9A9A26D52D290063A9F5 /* ProfileView.swift in Sources */ = {isa = PBXBuildFile; fileRef = D3BC9A9926D52D290063A9F5 /* ProfileView.swift */; };
		D3BC9A9C26D52E550063A9F5 /* ProfileViewModel.swift in Sources */ = {isa = PBXBuildFile; fileRef = D3BC9A9B26D52E550063A9F5 /* ProfileViewModel.swift */; };
		D3C460BB26B110CF00DF4B1F /* RootView.swift in Sources */ = {isa = PBXBuildFile; fileRef = D3C460BA26B110CF00DF4B1F /* RootView.swift */; };
		D3C460BE26B110F900DF4B1F /* RepositoryListScreen.swift in Sources */ = {isa = PBXBuildFile; fileRef = D3C460BD26B110F900DF4B1F /* RepositoryListScreen.swift */; };
		D3C460C026B1110E00DF4B1F /* RepositoryListViewModel.swift in Sources */ = {isa = PBXBuildFile; fileRef = D3C460BF26B1110E00DF4B1F /* RepositoryListViewModel.swift */; };
		D3C460C226B1119A00DF4B1F /* GitHubRepository.swift in Sources */ = {isa = PBXBuildFile; fileRef = D3C460C126B1119A00DF4B1F /* GitHubRepository.swift */; };
		D3C460C526B1183200DF4B1F /* String+Ex.swift in Sources */ = {isa = PBXBuildFile; fileRef = D3C460C426B1183200DF4B1F /* String+Ex.swift */; };
		D3C460C926B120E800DF4B1F /* RepositoryUseCase.swift in Sources */ = {isa = PBXBuildFile; fileRef = D3C460C826B120E800DF4B1F /* RepositoryUseCase.swift */; };
		D3C460CB26B1214A00DF4B1F /* RepositoryInteractor.swift in Sources */ = {isa = PBXBuildFile; fileRef = D3C460CA26B1214A00DF4B1F /* RepositoryInteractor.swift */; };
		D3EFED6E26CB895200592804 /* NavigationViewWithSearchBar.swift in Sources */ = {isa = PBXBuildFile; fileRef = D3EFED6D26CB895200592804 /* NavigationViewWithSearchBar.swift */; };
		D3F1BAB526CCF72B00046689 /* UserGateway.swift in Sources */ = {isa = PBXBuildFile; fileRef = D3F1BAB426CCF72B00046689 /* UserGateway.swift */; };
		D3F1BAB926CD081300046689 /* GitHubUserViewData.swift in Sources */ = {isa = PBXBuildFile; fileRef = D3F1BAB826CD081300046689 /* GitHubUserViewData.swift */; };
		D3F1BABB26CD082200046689 /* GitHubRepositoryViewData.swift in Sources */ = {isa = PBXBuildFile; fileRef = D3F1BABA26CD082200046689 /* GitHubRepositoryViewData.swift */; };
		D3F1BABE26CD114400046689 /* ErrorMessageViewData.swift in Sources */ = {isa = PBXBuildFile; fileRef = D3F1BABD26CD114400046689 /* ErrorMessageViewData.swift */; };
		D3F1BAC426CD361400046689 /* RepositoryGateway.swift in Sources */ = {isa = PBXBuildFile; fileRef = D3F1BAC326CD361400046689 /* RepositoryGateway.swift */; };
		D3F1BACB26CD478700046689 /* MyProfileViewModel.swift in Sources */ = {isa = PBXBuildFile; fileRef = D3F1BACA26CD478700046689 /* MyProfileViewModel.swift */; };
		D3F1BAD026CD551600046689 /* MeViewData.swift in Sources */ = {isa = PBXBuildFile; fileRef = D3F1BACF26CD551600046689 /* MeViewData.swift */; };
/* End PBXBuildFile section */

/* Begin PBXContainerItemProxy section */
		D33A0FF926B10D75002DA455 /* PBXContainerItemProxy */ = {
			isa = PBXContainerItemProxy;
			containerPortal = D33A0FD626B10D62002DA455 /* Project object */;
			proxyType = 1;
			remoteGlobalIDString = D33A0FDD26B10D62002DA455;
			remoteInfo = GitHubClient;
		};
/* End PBXContainerItemProxy section */

/* Begin PBXFileReference section */
		D33A0FDE26B10D62002DA455 /* GitHubClient.app */ = {isa = PBXFileReference; explicitFileType = wrapper.application; includeInIndex = 0; path = GitHubClient.app; sourceTree = BUILT_PRODUCTS_DIR; };
		D33A0FE126B10D62002DA455 /* GitHubClientApp.swift */ = {isa = PBXFileReference; lastKnownFileType = sourcecode.swift; path = GitHubClientApp.swift; sourceTree = "<group>"; };
		D33A0FE526B10D63002DA455 /* Assets.xcassets */ = {isa = PBXFileReference; lastKnownFileType = folder.assetcatalog; path = Assets.xcassets; sourceTree = "<group>"; };
		D33A0FE826B10D63002DA455 /* Preview Assets.xcassets */ = {isa = PBXFileReference; lastKnownFileType = folder.assetcatalog; path = "Preview Assets.xcassets"; sourceTree = "<group>"; };
		D33A0FEA26B10D63002DA455 /* Info.plist */ = {isa = PBXFileReference; lastKnownFileType = text.plist.xml; path = Info.plist; sourceTree = "<group>"; };
		D33A0FF426B10D75002DA455 /* GitHubClientTests.xctest */ = {isa = PBXFileReference; explicitFileType = wrapper.cfbundle; includeInIndex = 0; path = GitHubClientTests.xctest; sourceTree = BUILT_PRODUCTS_DIR; };
		D33A0FF626B10D75002DA455 /* GitHubClientTests.swift */ = {isa = PBXFileReference; lastKnownFileType = sourcecode.swift; path = GitHubClientTests.swift; sourceTree = "<group>"; };
		D33A0FF826B10D75002DA455 /* Info.plist */ = {isa = PBXFileReference; lastKnownFileType = text.plist.xml; path = Info.plist; sourceTree = "<group>"; };
		D33A100326B10E51002DA455 /* ProfileUseCase.swift */ = {isa = PBXFileReference; fileEncoding = 4; lastKnownFileType = sourcecode.swift; path = ProfileUseCase.swift; sourceTree = "<group>"; };
		D33A100426B10E51002DA455 /* ProfileInteractor.swift */ = {isa = PBXFileReference; fileEncoding = 4; lastKnownFileType = sourcecode.swift; path = ProfileInteractor.swift; sourceTree = "<group>"; };
		D33A100626B10E51002DA455 /* API.swift */ = {isa = PBXFileReference; fileEncoding = 4; lastKnownFileType = sourcecode.swift; path = API.swift; sourceTree = "<group>"; };
		D33A100826B10E51002DA455 /* PrivateKey.swift */ = {isa = PBXFileReference; fileEncoding = 4; lastKnownFileType = sourcecode.swift; path = PrivateKey.swift; sourceTree = "<group>"; };
		D33A100A26B10E51002DA455 /* GitHubUser.swift */ = {isa = PBXFileReference; fileEncoding = 4; lastKnownFileType = sourcecode.swift; path = GitHubUser.swift; sourceTree = "<group>"; };
		D33A100B26B10E51002DA455 /* Me.swift */ = {isa = PBXFileReference; fileEncoding = 4; lastKnownFileType = sourcecode.swift; path = Me.swift; sourceTree = "<group>"; };
		D33A100D26B10E51002DA455 /* ApiErrors.swift */ = {isa = PBXFileReference; fileEncoding = 4; lastKnownFileType = sourcecode.swift; path = ApiErrors.swift; sourceTree = "<group>"; };
		D33A100F26B10E51002DA455 /* APIClient.swift */ = {isa = PBXFileReference; fileEncoding = 4; lastKnownFileType = sourcecode.swift; path = APIClient.swift; sourceTree = "<group>"; };
		D33F721C26D63BCD008CCBAC /* GitHubOrganization.swift */ = {isa = PBXFileReference; lastKnownFileType = sourcecode.swift; path = GitHubOrganization.swift; sourceTree = "<group>"; };
		D33F721F26D640E7008CCBAC /* chExist.swift */ = {isa = PBXFileReference; lastKnownFileType = sourcecode.swift; path = chExist.swift; sourceTree = "<group>"; };
		D360117226C01ADA008C37FD /* RepositoryCardView.swift */ = {isa = PBXFileReference; lastKnownFileType = sourcecode.swift; path = RepositoryCardView.swift; sourceTree = "<group>"; };
		D365EAC126CF76F9001F9332 /* Mock.swift */ = {isa = PBXFileReference; lastKnownFileType = sourcecode.swift; path = Mock.swift; sourceTree = "<group>"; };
		D365EAC426CF771D001F9332 /* Stub.swift */ = {isa = PBXFileReference; lastKnownFileType = sourcecode.swift; path = Stub.swift; sourceTree = "<group>"; };
		D365EAC726CF7FD1001F9332 /* RepositoryUseCaseMock.swift */ = {isa = PBXFileReference; lastKnownFileType = sourcecode.swift; path = RepositoryUseCaseMock.swift; sourceTree = "<group>"; };
		D365EACB26CFA2A5001F9332 /* RepositoryGatewayMock.swift */ = {isa = PBXFileReference; lastKnownFileType = sourcecode.swift; path = RepositoryGatewayMock.swift; sourceTree = "<group>"; };
		D365EACD26CFACC6001F9332 /* MockError.swift */ = {isa = PBXFileReference; lastKnownFileType = sourcecode.swift; path = MockError.swift; sourceTree = "<group>"; };
		D365EAD526CFB82F001F9332 /* ProfileInteractorTests.swift */ = {isa = PBXFileReference; lastKnownFileType = sourcecode.swift; path = ProfileInteractorTests.swift; sourceTree = "<group>"; };
		D365EAD726CFB9F7001F9332 /* ProfileGatewayMock.swift */ = {isa = PBXFileReference; lastKnownFileType = sourcecode.swift; path = ProfileGatewayMock.swift; sourceTree = "<group>"; };
		D37F2CA226D2029E00C453BA /* RepositoryListViewModelTests.swift */ = {isa = PBXFileReference; lastKnownFileType = sourcecode.swift; path = RepositoryListViewModelTests.swift; sourceTree = "<group>"; };
		D3ABFFE726D0E9690048875B /* RepositoryInteractorTests.swift */ = {isa = PBXFileReference; lastKnownFileType = sourcecode.swift; path = RepositoryInteractorTests.swift; sourceTree = "<group>"; };
		D3ABFFEB26D0FAA20048875B /* Publisher+DelegateError.swift */ = {isa = PBXFileReference; lastKnownFileType = sourcecode.swift; path = "Publisher+DelegateError.swift"; sourceTree = "<group>"; };
		D3ABFFED26D106960048875B /* DelegateMock.swift */ = {isa = PBXFileReference; lastKnownFileType = sourcecode.swift; path = DelegateMock.swift; sourceTree = "<group>"; };
		D3B4BF9626D8A5A1001DA3B8 /* WelcomeViewModel.swift */ = {isa = PBXFileReference; lastKnownFileType = sourcecode.swift; path = WelcomeViewModel.swift; sourceTree = "<group>"; };
		D3B4D24726D24513008BBFC4 /* PublisherValidation.swift */ = {isa = PBXFileReference; lastKnownFileType = sourcecode.swift; path = PublisherValidation.swift; sourceTree = "<group>"; };
		D3B4D24926D24A2A008BBFC4 /* MockOutput.swift */ = {isa = PBXFileReference; lastKnownFileType = sourcecode.swift; path = MockOutput.swift; sourceTree = "<group>"; };
		D3BA478926D77C4400C1F5B5 /* AuthGateway.swift */ = {isa = PBXFileReference; lastKnownFileType = sourcecode.swift; path = AuthGateway.swift; sourceTree = "<group>"; };
		D3BA478B26D795EA00C1F5B5 /* AuthClient.swift */ = {isa = PBXFileReference; lastKnownFileType = sourcecode.swift; path = AuthClient.swift; sourceTree = "<group>"; };
		D3BA479426D79D0500C1F5B5 /* WelcomeScreen.swift */ = {isa = PBXFileReference; lastKnownFileType = sourcecode.swift; path = WelcomeScreen.swift; sourceTree = "<group>"; };
		D3BA479626D7A12000C1F5B5 /* GitHubOAuthInteractor.swift */ = {isa = PBXFileReference; lastKnownFileType = sourcecode.swift; path = GitHubOAuthInteractor.swift; sourceTree = "<group>"; };
		D3BA479826D7B62700C1F5B5 /* GitHubOAuthWebView.swift */ = {isa = PBXFileReference; lastKnownFileType = sourcecode.swift; path = GitHubOAuthWebView.swift; sourceTree = "<group>"; };
		D3BA47A026D7D0A200C1F5B5 /* DataStore.swift */ = {isa = PBXFileReference; lastKnownFileType = sourcecode.swift; path = DataStore.swift; sourceTree = "<group>"; };
		D3BA47A526D7D36500C1F5B5 /* GitHubOAuthUseCase.swift */ = {isa = PBXFileReference; lastKnownFileType = sourcecode.swift; path = GitHubOAuthUseCase.swift; sourceTree = "<group>"; };
		D3BC9A6226D384CD0063A9F5 /* NetworkImage.swift */ = {isa = PBXFileReference; lastKnownFileType = sourcecode.swift; path = NetworkImage.swift; sourceTree = "<group>"; };
		D3BC9A6526D398C10063A9F5 /* DIContainer.swift */ = {isa = PBXFileReference; lastKnownFileType = sourcecode.swift; path = DIContainer.swift; sourceTree = "<group>"; };
		D3BC9A6A26D497580063A9F5 /* GitHubClient.xctestplan */ = {isa = PBXFileReference; lastKnownFileType = text; name = GitHubClient.xctestplan; path = GitHubClientTests/GitHubClient.xctestplan; sourceTree = SOURCE_ROOT; };
		D3BC9A6C26D4AF020063A9F5 /* SnackBar.swift */ = {isa = PBXFileReference; lastKnownFileType = sourcecode.swift; path = SnackBar.swift; sourceTree = "<group>"; };
		D3BC9A6E26D4B9EA0063A9F5 /* MyProfileScreen.swift */ = {isa = PBXFileReference; lastKnownFileType = sourcecode.swift; path = MyProfileScreen.swift; sourceTree = "<group>"; };
		D3BC9A7026D4BB5C0063A9F5 /* ProfileViewModelTests.swift */ = {isa = PBXFileReference; lastKnownFileType = sourcecode.swift; path = ProfileViewModelTests.swift; sourceTree = "<group>"; };
		D3BC9A7226D4BC160063A9F5 /* AppViewModel.swift */ = {isa = PBXFileReference; lastKnownFileType = sourcecode.swift; path = AppViewModel.swift; sourceTree = "<group>"; };
		D3BC9A9926D52D290063A9F5 /* ProfileView.swift */ = {isa = PBXFileReference; lastKnownFileType = sourcecode.swift; path = ProfileView.swift; sourceTree = "<group>"; };
		D3BC9A9B26D52E550063A9F5 /* ProfileViewModel.swift */ = {isa = PBXFileReference; lastKnownFileType = sourcecode.swift; path = ProfileViewModel.swift; sourceTree = "<group>"; };
		D3C460BA26B110CF00DF4B1F /* RootView.swift */ = {isa = PBXFileReference; fileEncoding = 4; lastKnownFileType = sourcecode.swift; path = RootView.swift; sourceTree = "<group>"; };
		D3C460BD26B110F900DF4B1F /* RepositoryListScreen.swift */ = {isa = PBXFileReference; lastKnownFileType = sourcecode.swift; path = RepositoryListScreen.swift; sourceTree = "<group>"; };
		D3C460BF26B1110E00DF4B1F /* RepositoryListViewModel.swift */ = {isa = PBXFileReference; lastKnownFileType = sourcecode.swift; path = RepositoryListViewModel.swift; sourceTree = "<group>"; };
		D3C460C126B1119A00DF4B1F /* GitHubRepository.swift */ = {isa = PBXFileReference; lastKnownFileType = sourcecode.swift; path = GitHubRepository.swift; sourceTree = "<group>"; };
		D3C460C426B1183200DF4B1F /* String+Ex.swift */ = {isa = PBXFileReference; lastKnownFileType = sourcecode.swift; path = "String+Ex.swift"; sourceTree = "<group>"; };
		D3C460C826B120E800DF4B1F /* RepositoryUseCase.swift */ = {isa = PBXFileReference; lastKnownFileType = sourcecode.swift; path = RepositoryUseCase.swift; sourceTree = "<group>"; };
		D3C460CA26B1214A00DF4B1F /* RepositoryInteractor.swift */ = {isa = PBXFileReference; lastKnownFileType = sourcecode.swift; path = RepositoryInteractor.swift; sourceTree = "<group>"; };
		D3EFED6D26CB895200592804 /* NavigationViewWithSearchBar.swift */ = {isa = PBXFileReference; lastKnownFileType = sourcecode.swift; path = NavigationViewWithSearchBar.swift; sourceTree = "<group>"; };
		D3F1BAB426CCF72B00046689 /* UserGateway.swift */ = {isa = PBXFileReference; lastKnownFileType = sourcecode.swift; path = UserGateway.swift; sourceTree = "<group>"; };
		D3F1BAB826CD081300046689 /* GitHubUserViewData.swift */ = {isa = PBXFileReference; lastKnownFileType = sourcecode.swift; path = GitHubUserViewData.swift; sourceTree = "<group>"; };
		D3F1BABA26CD082200046689 /* GitHubRepositoryViewData.swift */ = {isa = PBXFileReference; lastKnownFileType = sourcecode.swift; path = GitHubRepositoryViewData.swift; sourceTree = "<group>"; };
		D3F1BABD26CD114400046689 /* ErrorMessageViewData.swift */ = {isa = PBXFileReference; lastKnownFileType = sourcecode.swift; path = ErrorMessageViewData.swift; sourceTree = "<group>"; };
		D3F1BAC326CD361400046689 /* RepositoryGateway.swift */ = {isa = PBXFileReference; lastKnownFileType = sourcecode.swift; path = RepositoryGateway.swift; sourceTree = "<group>"; };
		D3F1BAC726CD474B00046689 /* ProfileUseCaseMock.swift */ = {isa = PBXFileReference; lastKnownFileType = sourcecode.swift; path = ProfileUseCaseMock.swift; sourceTree = "<group>"; };
		D3F1BACA26CD478700046689 /* MyProfileViewModel.swift */ = {isa = PBXFileReference; lastKnownFileType = sourcecode.swift; path = MyProfileViewModel.swift; sourceTree = "<group>"; };
		D3F1BACF26CD551600046689 /* MeViewData.swift */ = {isa = PBXFileReference; lastKnownFileType = sourcecode.swift; path = MeViewData.swift; sourceTree = "<group>"; };
/* End PBXFileReference section */

/* Begin PBXFrameworksBuildPhase section */
		D33A0FDB26B10D62002DA455 /* Frameworks */ = {
			isa = PBXFrameworksBuildPhase;
			buildActionMask = 2147483647;
			files = (
				D3BA478F26D7962300C1F5B5 /* Alamofire in Frameworks */,
				D3BC9A6026D3849C0063A9F5 /* Kingfisher in Frameworks */,
				D3BA479C26D7D08400C1F5B5 /* KeychainAccess in Frameworks */,
				D33A100026B10DE7002DA455 /* Apollo in Frameworks */,
				D34D20A226CE640A006B86EF /* SwiftUIX in Frameworks */,
				D3BC9A6926D483AB0063A9F5 /* Swinject in Frameworks */,
			);
			runOnlyForDeploymentPostprocessing = 0;
		};
		D33A0FF126B10D75002DA455 /* Frameworks */ = {
			isa = PBXFrameworksBuildPhase;
			buildActionMask = 2147483647;
			files = (
			);
			runOnlyForDeploymentPostprocessing = 0;
		};
/* End PBXFrameworksBuildPhase section */

/* Begin PBXGroup section */
		D33A0FD526B10D62002DA455 = {
			isa = PBXGroup;
			children = (
				D33A0FE026B10D62002DA455 /* GitHubClient */,
				D33A0FF526B10D75002DA455 /* GitHubClientTests */,
				D33A0FDF26B10D62002DA455 /* Products */,
			);
			sourceTree = "<group>";
		};
		D33A0FDF26B10D62002DA455 /* Products */ = {
			isa = PBXGroup;
			children = (
				D33A0FDE26B10D62002DA455 /* GitHubClient.app */,
				D33A0FF426B10D75002DA455 /* GitHubClientTests.xctest */,
			);
			name = Products;
			sourceTree = "<group>";
		};
		D33A0FE026B10D62002DA455 /* GitHubClient */ = {
			isa = PBXGroup;
			children = (
				D33F721E26D640BC008CCBAC /* Util */,
				D3BC9A6426D398B70063A9F5 /* DI */,
				D33A0FEA26B10D63002DA455 /* Info.plist */,
				D33A0FE126B10D62002DA455 /* GitHubClientApp.swift */,
				D33A0FE526B10D63002DA455 /* Assets.xcassets */,
				D3F1BAAF26CCC45600046689 /* Entity */,
				D3C460C326B1182900DF4B1F /* Ex */,
				D3F1BAB026CCC46200046689 /* Frameworks */,
				D3F1BAB126CCC48000046689 /* InterfaceAdapters */,
				D33A0FE726B10D63002DA455 /* Preview Content */,
				D33A100726B10E51002DA455 /* Secrets */,
				D33A100226B10E51002DA455 /* UseCase */,
			);
			path = GitHubClient;
			sourceTree = "<group>";
		};
		D33A0FE726B10D63002DA455 /* Preview Content */ = {
			isa = PBXGroup;
			children = (
				D33A0FE826B10D63002DA455 /* Preview Assets.xcassets */,
			);
			path = "Preview Content";
			sourceTree = "<group>";
		};
		D33A0FF526B10D75002DA455 /* GitHubClientTests */ = {
			isa = PBXGroup;
			children = (
				D3BC9A6A26D497580063A9F5 /* GitHubClient.xctestplan */,
				D365EAD126CFB803001F9332 /* Tests */,
				D365EAC326CF7715001F9332 /* Stub */,
				D365EAC026CF7668001F9332 /* Mock */,
				D33A0FF626B10D75002DA455 /* GitHubClientTests.swift */,
				D33A0FF826B10D75002DA455 /* Info.plist */,
			);
			path = GitHubClientTests;
			sourceTree = "<group>";
		};
		D33A100226B10E51002DA455 /* UseCase */ = {
			isa = PBXGroup;
			children = (
				D3BA47A426D7D35100C1F5B5 /* Auth */,
				D3BA47A326D7D34A00C1F5B5 /* Repository */,
				D3BA47A226D7D34400C1F5B5 /* Profile */,
			);
			path = UseCase;
			sourceTree = "<group>";
		};
		D33A100526B10E51002DA455 /* API */ = {
			isa = PBXGroup;
			children = (
				D33A100626B10E51002DA455 /* API.swift */,
			);
			path = API;
			sourceTree = "<group>";
		};
		D33A100726B10E51002DA455 /* Secrets */ = {
			isa = PBXGroup;
			children = (
				D33A100826B10E51002DA455 /* PrivateKey.swift */,
			);
			path = Secrets;
			sourceTree = "<group>";
		};
		D33A100926B10E51002DA455 /* Models */ = {
			isa = PBXGroup;
			children = (
				D3F1BAB826CD081300046689 /* GitHubUserViewData.swift */,
				D3F1BABA26CD082200046689 /* GitHubRepositoryViewData.swift */,
				D3F1BABD26CD114400046689 /* ErrorMessageViewData.swift */,
				D3F1BACF26CD551600046689 /* MeViewData.swift */,
			);
			path = Models;
			sourceTree = "<group>";
		};
		D33A100C26B10E51002DA455 /* Network */ = {
			isa = PBXGroup;
			children = (
				D33A100526B10E51002DA455 /* API */,
				D33A100D26B10E51002DA455 /* ApiErrors.swift */,
				D33A100F26B10E51002DA455 /* APIClient.swift */,
				D3BA478B26D795EA00C1F5B5 /* AuthClient.swift */,
			);
			path = Network;
			sourceTree = "<group>";
		};
		D33F721E26D640BC008CCBAC /* Util */ = {
			isa = PBXGroup;
			children = (
				D33F721F26D640E7008CCBAC /* chExist.swift */,
			);
			path = Util;
			sourceTree = "<group>";
		};
		D360117126C01ACB008C37FD /* Views */ = {
			isa = PBXGroup;
			children = (
				D360117226C01ADA008C37FD /* RepositoryCardView.swift */,
				D3EFED6D26CB895200592804 /* NavigationViewWithSearchBar.swift */,
				D3BC9A6C26D4AF020063A9F5 /* SnackBar.swift */,
				D3BC9A9926D52D290063A9F5 /* ProfileView.swift */,
				D3BA479826D7B62700C1F5B5 /* GitHubOAuthWebView.swift */,
			);
			path = Views;
			sourceTree = "<group>";
		};
		D365EAC026CF7668001F9332 /* Mock */ = {
			isa = PBXGroup;
			children = (
				D365EACA26CFA290001F9332 /* Gateway */,
				D365EAC926CFA287001F9332 /* UseCase */,
				D365EAC126CF76F9001F9332 /* Mock.swift */,
				D3ABFFED26D106960048875B /* DelegateMock.swift */,
				D3B4D24926D24A2A008BBFC4 /* MockOutput.swift */,
			);
			path = Mock;
			sourceTree = "<group>";
		};
		D365EAC326CF7715001F9332 /* Stub */ = {
			isa = PBXGroup;
			children = (
				D365EAC426CF771D001F9332 /* Stub.swift */,
			);
			path = Stub;
			sourceTree = "<group>";
		};
		D365EAC926CFA287001F9332 /* UseCase */ = {
			isa = PBXGroup;
			children = (
				D3ABFFE426D0E6760048875B /* Repo */,
				D3ABFFE226D0E6680048875B /* Profile */,
			);
			path = UseCase;
			sourceTree = "<group>";
		};
		D365EACA26CFA290001F9332 /* Gateway */ = {
			isa = PBXGroup;
			children = (
				D365EACB26CFA2A5001F9332 /* RepositoryGatewayMock.swift */,
				D365EACD26CFACC6001F9332 /* MockError.swift */,
				D365EAD726CFB9F7001F9332 /* ProfileGatewayMock.swift */,
			);
			path = Gateway;
			sourceTree = "<group>";
		};
		D365EAD126CFB803001F9332 /* Tests */ = {
			isa = PBXGroup;
			children = (
				D3B4D24626D24502008BBFC4 /* Validate */,
				D37F2CA126D2027500C453BA /* Presenter */,
				D365EAD426CFB81A001F9332 /* UseCase */,
			);
			path = Tests;
			sourceTree = "<group>";
		};
		D365EAD426CFB81A001F9332 /* UseCase */ = {
			isa = PBXGroup;
			children = (
				D365EAD526CFB82F001F9332 /* ProfileInteractorTests.swift */,
				D3ABFFE726D0E9690048875B /* RepositoryInteractorTests.swift */,
			);
			path = UseCase;
			sourceTree = "<group>";
		};
		D37F2CA126D2027500C453BA /* Presenter */ = {
			isa = PBXGroup;
			children = (
				D37F2CA226D2029E00C453BA /* RepositoryListViewModelTests.swift */,
				D3BC9A7026D4BB5C0063A9F5 /* ProfileViewModelTests.swift */,
			);
			path = Presenter;
			sourceTree = "<group>";
		};
		D3ABFFE226D0E6680048875B /* Profile */ = {
			isa = PBXGroup;
			children = (
				D3F1BAC726CD474B00046689 /* ProfileUseCaseMock.swift */,
			);
			path = Profile;
			sourceTree = "<group>";
		};
		D3ABFFE426D0E6760048875B /* Repo */ = {
			isa = PBXGroup;
			children = (
				D365EAC726CF7FD1001F9332 /* RepositoryUseCaseMock.swift */,
			);
			path = Repo;
			sourceTree = "<group>";
		};
		D3B4D24626D24502008BBFC4 /* Validate */ = {
			isa = PBXGroup;
			children = (
				D3B4D24726D24513008BBFC4 /* PublisherValidation.swift */,
			);
			path = Validate;
			sourceTree = "<group>";
		};
		D3BA479326D79CF500C1F5B5 /* Welcome */ = {
			isa = PBXGroup;
			children = (
				D3BA479426D79D0500C1F5B5 /* WelcomeScreen.swift */,
			);
			path = Welcome;
			sourceTree = "<group>";
		};
		D3BA479D26D7D08F00C1F5B5 /* DataStore */ = {
			isa = PBXGroup;
			children = (
				D3BA47A026D7D0A200C1F5B5 /* DataStore.swift */,
			);
			path = DataStore;
			sourceTree = "<group>";
		};
		D3BA47A226D7D34400C1F5B5 /* Profile */ = {
			isa = PBXGroup;
			children = (
				D33A100326B10E51002DA455 /* ProfileUseCase.swift */,
				D33A100426B10E51002DA455 /* ProfileInteractor.swift */,
			);
			path = Profile;
			sourceTree = "<group>";
		};
		D3BA47A326D7D34A00C1F5B5 /* Repository */ = {
			isa = PBXGroup;
			children = (
				D3C460C826B120E800DF4B1F /* RepositoryUseCase.swift */,
				D3C460CA26B1214A00DF4B1F /* RepositoryInteractor.swift */,
			);
			path = Repository;
			sourceTree = "<group>";
		};
		D3BA47A426D7D35100C1F5B5 /* Auth */ = {
			isa = PBXGroup;
			children = (
				D3BA479626D7A12000C1F5B5 /* GitHubOAuthInteractor.swift */,
				D3BA47A526D7D36500C1F5B5 /* GitHubOAuthUseCase.swift */,
			);
			path = Auth;
			sourceTree = "<group>";
		};
		D3BC9A6426D398B70063A9F5 /* DI */ = {
			isa = PBXGroup;
			children = (
				D3BC9A6526D398C10063A9F5 /* DIContainer.swift */,
			);
			path = DI;
			sourceTree = "<group>";
		};
		D3C460BC26B110E100DF4B1F /* UI */ = {
			isa = PBXGroup;
			children = (
				D3BA479326D79CF500C1F5B5 /* Welcome */,
				D3C460BA26B110CF00DF4B1F /* RootView.swift */,
				D3F1BAB226CCC4B900046689 /* Pages */,
				D360117126C01ACB008C37FD /* Views */,
			);
			path = UI;
			sourceTree = "<group>";
		};
		D3C460C326B1182900DF4B1F /* Ex */ = {
			isa = PBXGroup;
			children = (
				D3C460C426B1183200DF4B1F /* String+Ex.swift */,
				D3ABFFEB26D0FAA20048875B /* Publisher+DelegateError.swift */,
			);
			path = Ex;
			sourceTree = "<group>";
		};
		D3F1BAAF26CCC45600046689 /* Entity */ = {
			isa = PBXGroup;
			children = (
				D33A100A26B10E51002DA455 /* GitHubUser.swift */,
				D33A100B26B10E51002DA455 /* Me.swift */,
				D3C460C126B1119A00DF4B1F /* GitHubRepository.swift */,
				D33F721C26D63BCD008CCBAC /* GitHubOrganization.swift */,
			);
			path = Entity;
			sourceTree = "<group>";
		};
		D3F1BAB026CCC46200046689 /* Frameworks */ = {
			isa = PBXGroup;
			children = (
				D3BA479D26D7D08F00C1F5B5 /* DataStore */,
				D3C460BC26B110E100DF4B1F /* UI */,
				D33A100C26B10E51002DA455 /* Network */,
				D3BC9A6226D384CD0063A9F5 /* NetworkImage.swift */,
			);
			path = Frameworks;
			sourceTree = "<group>";
		};
		D3F1BAB126CCC48000046689 /* InterfaceAdapters */ = {
			isa = PBXGroup;
			children = (
				D33A100926B10E51002DA455 /* Models */,
				D3F1BABC26CD099300046689 /* ViewModels */,
				D3F1BAB326CCF71400046689 /* Gateways */,
			);
			path = InterfaceAdapters;
			sourceTree = "<group>";
		};
		D3F1BAB226CCC4B900046689 /* Pages */ = {
			isa = PBXGroup;
			children = (
				D3C460BD26B110F900DF4B1F /* RepositoryListScreen.swift */,
				D3BC9A6E26D4B9EA0063A9F5 /* MyProfileScreen.swift */,
			);
			path = Pages;
			sourceTree = "<group>";
		};
		D3F1BAB326CCF71400046689 /* Gateways */ = {
			isa = PBXGroup;
			children = (
				D3F1BAB426CCF72B00046689 /* UserGateway.swift */,
				D3F1BAC326CD361400046689 /* RepositoryGateway.swift */,
				D3BA478926D77C4400C1F5B5 /* AuthGateway.swift */,
			);
			path = Gateways;
			sourceTree = "<group>";
		};
		D3F1BABC26CD099300046689 /* ViewModels */ = {
			isa = PBXGroup;
			children = (
				D3F1BACA26CD478700046689 /* MyProfileViewModel.swift */,
				D3C460BF26B1110E00DF4B1F /* RepositoryListViewModel.swift */,
				D3BC9A7226D4BC160063A9F5 /* AppViewModel.swift */,
				D3BC9A9B26D52E550063A9F5 /* ProfileViewModel.swift */,
				D3B4BF9626D8A5A1001DA3B8 /* WelcomeViewModel.swift */,
			);
			path = ViewModels;
			sourceTree = "<group>";
		};
/* End PBXGroup section */

/* Begin PBXNativeTarget section */
		D33A0FDD26B10D62002DA455 /* GitHubClient */ = {
			isa = PBXNativeTarget;
			buildConfigurationList = D33A0FED26B10D63002DA455 /* Build configuration list for PBXNativeTarget "GitHubClient" */;
			buildPhases = (
				D33A100126B10E14002DA455 /* Apollo CLI */,
				D33A0FDA26B10D62002DA455 /* Sources */,
				D33A0FDB26B10D62002DA455 /* Frameworks */,
				D33A0FDC26B10D62002DA455 /* Resources */,
			);
			buildRules = (
			);
			dependencies = (
			);
			name = GitHubClient;
			packageProductDependencies = (
				D33A0FFF26B10DE7002DA455 /* Apollo */,
				D34D20A126CE640A006B86EF /* SwiftUIX */,
				D3BC9A5F26D3849C0063A9F5 /* Kingfisher */,
				D3BC9A6826D483AB0063A9F5 /* Swinject */,
				D3BA478E26D7962300C1F5B5 /* Alamofire */,
				D3BA479B26D7D08400C1F5B5 /* KeychainAccess */,
			);
			productName = GitHubClient;
			productReference = D33A0FDE26B10D62002DA455 /* GitHubClient.app */;
			productType = "com.apple.product-type.application";
		};
		D33A0FF326B10D75002DA455 /* GitHubClientTests */ = {
			isa = PBXNativeTarget;
			buildConfigurationList = D33A0FFB26B10D75002DA455 /* Build configuration list for PBXNativeTarget "GitHubClientTests" */;
			buildPhases = (
				D33A0FF026B10D75002DA455 /* Sources */,
				D33A0FF126B10D75002DA455 /* Frameworks */,
				D33A0FF226B10D75002DA455 /* Resources */,
			);
			buildRules = (
			);
			dependencies = (
				D3F1BAC626CD416300046689 /* PBXTargetDependency */,
				D33A0FFA26B10D75002DA455 /* PBXTargetDependency */,
			);
			name = GitHubClientTests;
			productName = GitHubClientTests;
			productReference = D33A0FF426B10D75002DA455 /* GitHubClientTests.xctest */;
			productType = "com.apple.product-type.bundle.unit-test";
		};
/* End PBXNativeTarget section */

/* Begin PBXProject section */
		D33A0FD626B10D62002DA455 /* Project object */ = {
			isa = PBXProject;
			attributes = {
				LastSwiftUpdateCheck = 1250;
				LastUpgradeCheck = 1250;
				TargetAttributes = {
					D33A0FDD26B10D62002DA455 = {
						CreatedOnToolsVersion = 12.5.1;
					};
					D33A0FF326B10D75002DA455 = {
						CreatedOnToolsVersion = 12.5.1;
						TestTargetID = D33A0FDD26B10D62002DA455;
					};
				};
			};
			buildConfigurationList = D33A0FD926B10D62002DA455 /* Build configuration list for PBXProject "GitHubClient" */;
			compatibilityVersion = "Xcode 9.3";
			developmentRegion = en;
			hasScannedForEncodings = 0;
			knownRegions = (
				en,
				Base,
			);
			mainGroup = D33A0FD526B10D62002DA455;
			packageReferences = (
				D33A0FFE26B10DE6002DA455 /* XCRemoteSwiftPackageReference "apollo-ios" */,
				D3F1BAC026CD347300046689 /* XCRemoteSwiftPackageReference "Cuckoo" */,
				D3F1BACC26CD502B00046689 /* XCRemoteSwiftPackageReference "Resolver" */,
				D34D20A026CE640A006B86EF /* XCRemoteSwiftPackageReference "SwiftUIX" */,
				D3BC9A5E26D3849C0063A9F5 /* XCRemoteSwiftPackageReference "Kingfisher" */,
				D3BC9A6726D483AA0063A9F5 /* XCRemoteSwiftPackageReference "Swinject" */,
				D3BA478D26D7962300C1F5B5 /* XCRemoteSwiftPackageReference "Alamofire" */,
				D3BA479A26D7D08400C1F5B5 /* XCRemoteSwiftPackageReference "KeychainAccess" */,
			);
			productRefGroup = D33A0FDF26B10D62002DA455 /* Products */;
			projectDirPath = "";
			projectRoot = "";
			targets = (
				D33A0FDD26B10D62002DA455 /* GitHubClient */,
				D33A0FF326B10D75002DA455 /* GitHubClientTests */,
			);
		};
/* End PBXProject section */

/* Begin PBXResourcesBuildPhase section */
		D33A0FDC26B10D62002DA455 /* Resources */ = {
			isa = PBXResourcesBuildPhase;
			buildActionMask = 2147483647;
			files = (
				D33A0FE926B10D63002DA455 /* Preview Assets.xcassets in Resources */,
				D33A0FE626B10D63002DA455 /* Assets.xcassets in Resources */,
			);
			runOnlyForDeploymentPostprocessing = 0;
		};
		D33A0FF226B10D75002DA455 /* Resources */ = {
			isa = PBXResourcesBuildPhase;
			buildActionMask = 2147483647;
			files = (
			);
			runOnlyForDeploymentPostprocessing = 0;
		};
/* End PBXResourcesBuildPhase section */

/* Begin PBXShellScriptBuildPhase section */
		D33A100126B10E14002DA455 /* Apollo CLI */ = {
			isa = PBXShellScriptBuildPhase;
			buildActionMask = 2147483647;
			files = (
			);
			inputFileListPaths = (
			);
			inputPaths = (
			);
			name = "Apollo CLI";
			outputFileListPaths = (
			);
			outputPaths = (
			);
			runOnlyForDeploymentPostprocessing = 0;
			shellPath = /bin/sh;
			shellScript = "# Go to the build root and search up the chain to find the Derived Data Path where the source packages are checked out.\nDERIVED_DATA_CANDIDATE=\"${BUILD_ROOT}\"\n\nwhile ! [ -d \"${DERIVED_DATA_CANDIDATE}/SourcePackages\" ]; do\n  if [ \"${DERIVED_DATA_CANDIDATE}\" = / ]; then\n    echo >&2 \"error: Unable to locate SourcePackages directory from BUILD_ROOT: '${BUILD_ROOT}'\"\n    exit 1\n  fi\n\n  DERIVED_DATA_CANDIDATE=\"$(dirname \"${DERIVED_DATA_CANDIDATE}\")\"\ndone\n\n# Grab a reference to the directory where scripts are checked out\nSCRIPT_PATH=\"${DERIVED_DATA_CANDIDATE}/SourcePackages/checkouts/apollo-ios/scripts\"\n\nif [ -z \"${SCRIPT_PATH}\" ]; then\n    echo >&2 \"error: Couldn't find the CLI script in your checked out SPM packages; make sure to add the framework to your project.\"\n    exit 1\nfi\n\ncd \"${SRCROOT}/${TARGET_NAME}\"\n\"${SCRIPT_PATH}\"/run-bundled-codegen.sh codegen:generate --target=swift --includes=./**/*.graphql --localSchemaFile=\"graphql/schema.json\" API.swift\n\nmv API.swift ./Frameworks/Network/API/API.swift\n";
		};
/* End PBXShellScriptBuildPhase section */

/* Begin PBXSourcesBuildPhase section */
		D33A0FDA26B10D62002DA455 /* Sources */ = {
			isa = PBXSourcesBuildPhase;
			buildActionMask = 2147483647;
			files = (
				D3BC9A6626D398C10063A9F5 /* DIContainer.swift in Sources */,
				D3BA479926D7B62700C1F5B5 /* GitHubOAuthWebView.swift in Sources */,
				D33A101526B10E51002DA455 /* GitHubUser.swift in Sources */,
				D33A101726B10E51002DA455 /* ApiErrors.swift in Sources */,
				D3B4BF9726D8A5A1001DA3B8 /* WelcomeViewModel.swift in Sources */,
				D3C460BE26B110F900DF4B1F /* RepositoryListScreen.swift in Sources */,
				D3F1BACB26CD478700046689 /* MyProfileViewModel.swift in Sources */,
				D33F721D26D63BCD008CCBAC /* GitHubOrganization.swift in Sources */,
				D3BA47A126D7D0A200C1F5B5 /* DataStore.swift in Sources */,
				D33A101126B10E51002DA455 /* ProfileUseCase.swift in Sources */,
				D3F1BAB526CCF72B00046689 /* UserGateway.swift in Sources */,
				D3BC9A6326D384CD0063A9F5 /* NetworkImage.swift in Sources */,
				D33A101226B10E51002DA455 /* ProfileInteractor.swift in Sources */,
				D3BA479726D7A12000C1F5B5 /* GitHubOAuthInteractor.swift in Sources */,
				D3ABFFEC26D0FAA20048875B /* Publisher+DelegateError.swift in Sources */,
				D33A101926B10E51002DA455 /* APIClient.swift in Sources */,
				D3BC9A7326D4BC160063A9F5 /* AppViewModel.swift in Sources */,
				D3F1BAD026CD551600046689 /* MeViewData.swift in Sources */,
				D33A0FE226B10D62002DA455 /* GitHubClientApp.swift in Sources */,
				D3BC9A6D26D4AF020063A9F5 /* SnackBar.swift in Sources */,
				D3EFED6E26CB895200592804 /* NavigationViewWithSearchBar.swift in Sources */,
				D3BA479526D79D0500C1F5B5 /* WelcomeScreen.swift in Sources */,
				D33A101626B10E51002DA455 /* Me.swift in Sources */,
				D3F1BABB26CD082200046689 /* GitHubRepositoryViewData.swift in Sources */,
				D3BC9A9C26D52E550063A9F5 /* ProfileViewModel.swift in Sources */,
				D3BA478C26D795EA00C1F5B5 /* AuthClient.swift in Sources */,
				D3C460C026B1110E00DF4B1F /* RepositoryListViewModel.swift in Sources */,
				D3C460C926B120E800DF4B1F /* RepositoryUseCase.swift in Sources */,
				D3C460C526B1183200DF4B1F /* String+Ex.swift in Sources */,
				D3BA47A626D7D36500C1F5B5 /* GitHubOAuthUseCase.swift in Sources */,
				D3C460C226B1119A00DF4B1F /* GitHubRepository.swift in Sources */,
				D3BA478A26D77C4400C1F5B5 /* AuthGateway.swift in Sources */,
				D3F1BAC426CD361400046689 /* RepositoryGateway.swift in Sources */,
				D3F1BABE26CD114400046689 /* ErrorMessageViewData.swift in Sources */,
				D3BC9A9A26D52D290063A9F5 /* ProfileView.swift in Sources */,
				D3C460BB26B110CF00DF4B1F /* RootView.swift in Sources */,
				D3C460CB26B1214A00DF4B1F /* RepositoryInteractor.swift in Sources */,
				D33A101326B10E51002DA455 /* API.swift in Sources */,
				D33F722026D640E7008CCBAC /* chExist.swift in Sources */,
				D33A101426B10E51002DA455 /* PrivateKey.swift in Sources */,
				D3BC9A6F26D4B9EA0063A9F5 /* MyProfileScreen.swift in Sources */,
				D360117326C01ADA008C37FD /* RepositoryCardView.swift in Sources */,
				D3F1BAB926CD081300046689 /* GitHubUserViewData.swift in Sources */,
			);
			runOnlyForDeploymentPostprocessing = 0;
		};
		D33A0FF026B10D75002DA455 /* Sources */ = {
			isa = PBXSourcesBuildPhase;
			buildActionMask = 2147483647;
			files = (
				D37F2CA326D2029E00C453BA /* RepositoryListViewModelTests.swift in Sources */,
				D33A0FF726B10D75002DA455 /* GitHubClientTests.swift in Sources */,
				D365EAD626CFB82F001F9332 /* ProfileInteractorTests.swift in Sources */,
				D365EACE26CFACC6001F9332 /* MockError.swift in Sources */,
				D365EAC526CF771D001F9332 /* Stub.swift in Sources */,
				D3B4D24A26D24A2A008BBFC4 /* MockOutput.swift in Sources */,
				D365EAC826CF7FD1001F9332 /* RepositoryUseCaseMock.swift in Sources */,
				D3ABFFE826D0E9690048875B /* RepositoryInteractorTests.swift in Sources */,
				D365EAC226CF76F9001F9332 /* Mock.swift in Sources */,
				D3BC9A7126D4BB5C0063A9F5 /* ProfileViewModelTests.swift in Sources */,
				D3B4D24826D24513008BBFC4 /* PublisherValidation.swift in Sources */,
				D365EACC26CFA2A5001F9332 /* RepositoryGatewayMock.swift in Sources */,
				D365EAC626CF78C5001F9332 /* ProfileUseCaseMock.swift in Sources */,
				D365EAD826CFB9F7001F9332 /* ProfileGatewayMock.swift in Sources */,
				D3ABFFEE26D106960048875B /* DelegateMock.swift in Sources */,
			);
			runOnlyForDeploymentPostprocessing = 0;
		};
/* End PBXSourcesBuildPhase section */

/* Begin PBXTargetDependency section */
		D33A0FFA26B10D75002DA455 /* PBXTargetDependency */ = {
			isa = PBXTargetDependency;
			target = D33A0FDD26B10D62002DA455 /* GitHubClient */;
			targetProxy = D33A0FF926B10D75002DA455 /* PBXContainerItemProxy */;
		};
		D3F1BAC626CD416300046689 /* PBXTargetDependency */ = {
			isa = PBXTargetDependency;
			productRef = D3F1BAC526CD416300046689 /* Cuckoo */;
		};
/* End PBXTargetDependency section */

/* Begin XCBuildConfiguration section */
		D33A0FEB26B10D63002DA455 /* Debug */ = {
			isa = XCBuildConfiguration;
			buildSettings = {
				ALWAYS_SEARCH_USER_PATHS = NO;
				CLANG_ANALYZER_NONNULL = YES;
				CLANG_ANALYZER_NUMBER_OBJECT_CONVERSION = YES_AGGRESSIVE;
				CLANG_CXX_LANGUAGE_STANDARD = "gnu++14";
				CLANG_CXX_LIBRARY = "libc++";
				CLANG_ENABLE_MODULES = YES;
				CLANG_ENABLE_OBJC_ARC = YES;
				CLANG_ENABLE_OBJC_WEAK = YES;
				CLANG_WARN_BLOCK_CAPTURE_AUTORELEASING = YES;
				CLANG_WARN_BOOL_CONVERSION = YES;
				CLANG_WARN_COMMA = YES;
				CLANG_WARN_CONSTANT_CONVERSION = YES;
				CLANG_WARN_DEPRECATED_OBJC_IMPLEMENTATIONS = YES;
				CLANG_WARN_DIRECT_OBJC_ISA_USAGE = YES_ERROR;
				CLANG_WARN_DOCUMENTATION_COMMENTS = YES;
				CLANG_WARN_EMPTY_BODY = YES;
				CLANG_WARN_ENUM_CONVERSION = YES;
				CLANG_WARN_INFINITE_RECURSION = YES;
				CLANG_WARN_INT_CONVERSION = YES;
				CLANG_WARN_NON_LITERAL_NULL_CONVERSION = YES;
				CLANG_WARN_OBJC_IMPLICIT_RETAIN_SELF = YES;
				CLANG_WARN_OBJC_LITERAL_CONVERSION = YES;
				CLANG_WARN_OBJC_ROOT_CLASS = YES_ERROR;
				CLANG_WARN_QUOTED_INCLUDE_IN_FRAMEWORK_HEADER = YES;
				CLANG_WARN_RANGE_LOOP_ANALYSIS = YES;
				CLANG_WARN_STRICT_PROTOTYPES = YES;
				CLANG_WARN_SUSPICIOUS_MOVE = YES;
				CLANG_WARN_UNGUARDED_AVAILABILITY = YES_AGGRESSIVE;
				CLANG_WARN_UNREACHABLE_CODE = YES;
				CLANG_WARN__DUPLICATE_METHOD_MATCH = YES;
				COPY_PHASE_STRIP = NO;
				DEBUG_INFORMATION_FORMAT = dwarf;
				ENABLE_STRICT_OBJC_MSGSEND = YES;
				ENABLE_TESTABILITY = YES;
				GCC_C_LANGUAGE_STANDARD = gnu11;
				GCC_DYNAMIC_NO_PIC = NO;
				GCC_NO_COMMON_BLOCKS = YES;
				GCC_OPTIMIZATION_LEVEL = 0;
				GCC_PREPROCESSOR_DEFINITIONS = (
					"DEBUG=1",
					"$(inherited)",
				);
				GCC_WARN_64_TO_32_BIT_CONVERSION = YES;
				GCC_WARN_ABOUT_RETURN_TYPE = YES_ERROR;
				GCC_WARN_UNDECLARED_SELECTOR = YES;
				GCC_WARN_UNINITIALIZED_AUTOS = YES_AGGRESSIVE;
				GCC_WARN_UNUSED_FUNCTION = YES;
				GCC_WARN_UNUSED_VARIABLE = YES;
				IPHONEOS_DEPLOYMENT_TARGET = 14.1;
				MTL_ENABLE_DEBUG_INFO = INCLUDE_SOURCE;
				MTL_FAST_MATH = YES;
				ONLY_ACTIVE_ARCH = YES;
				SDKROOT = iphoneos;
				SWIFT_ACTIVE_COMPILATION_CONDITIONS = DEBUG;
				SWIFT_OPTIMIZATION_LEVEL = "-Onone";
			};
			name = Debug;
		};
		D33A0FEC26B10D63002DA455 /* Release */ = {
			isa = XCBuildConfiguration;
			buildSettings = {
				ALWAYS_SEARCH_USER_PATHS = NO;
				CLANG_ANALYZER_NONNULL = YES;
				CLANG_ANALYZER_NUMBER_OBJECT_CONVERSION = YES_AGGRESSIVE;
				CLANG_CXX_LANGUAGE_STANDARD = "gnu++14";
				CLANG_CXX_LIBRARY = "libc++";
				CLANG_ENABLE_MODULES = YES;
				CLANG_ENABLE_OBJC_ARC = YES;
				CLANG_ENABLE_OBJC_WEAK = YES;
				CLANG_WARN_BLOCK_CAPTURE_AUTORELEASING = YES;
				CLANG_WARN_BOOL_CONVERSION = YES;
				CLANG_WARN_COMMA = YES;
				CLANG_WARN_CONSTANT_CONVERSION = YES;
				CLANG_WARN_DEPRECATED_OBJC_IMPLEMENTATIONS = YES;
				CLANG_WARN_DIRECT_OBJC_ISA_USAGE = YES_ERROR;
				CLANG_WARN_DOCUMENTATION_COMMENTS = YES;
				CLANG_WARN_EMPTY_BODY = YES;
				CLANG_WARN_ENUM_CONVERSION = YES;
				CLANG_WARN_INFINITE_RECURSION = YES;
				CLANG_WARN_INT_CONVERSION = YES;
				CLANG_WARN_NON_LITERAL_NULL_CONVERSION = YES;
				CLANG_WARN_OBJC_IMPLICIT_RETAIN_SELF = YES;
				CLANG_WARN_OBJC_LITERAL_CONVERSION = YES;
				CLANG_WARN_OBJC_ROOT_CLASS = YES_ERROR;
				CLANG_WARN_QUOTED_INCLUDE_IN_FRAMEWORK_HEADER = YES;
				CLANG_WARN_RANGE_LOOP_ANALYSIS = YES;
				CLANG_WARN_STRICT_PROTOTYPES = YES;
				CLANG_WARN_SUSPICIOUS_MOVE = YES;
				CLANG_WARN_UNGUARDED_AVAILABILITY = YES_AGGRESSIVE;
				CLANG_WARN_UNREACHABLE_CODE = YES;
				CLANG_WARN__DUPLICATE_METHOD_MATCH = YES;
				COPY_PHASE_STRIP = NO;
				DEBUG_INFORMATION_FORMAT = "dwarf-with-dsym";
				ENABLE_NS_ASSERTIONS = NO;
				ENABLE_STRICT_OBJC_MSGSEND = YES;
				GCC_C_LANGUAGE_STANDARD = gnu11;
				GCC_NO_COMMON_BLOCKS = YES;
				GCC_WARN_64_TO_32_BIT_CONVERSION = YES;
				GCC_WARN_ABOUT_RETURN_TYPE = YES_ERROR;
				GCC_WARN_UNDECLARED_SELECTOR = YES;
				GCC_WARN_UNINITIALIZED_AUTOS = YES_AGGRESSIVE;
				GCC_WARN_UNUSED_FUNCTION = YES;
				GCC_WARN_UNUSED_VARIABLE = YES;
				IPHONEOS_DEPLOYMENT_TARGET = 14.1;
				MTL_ENABLE_DEBUG_INFO = NO;
				MTL_FAST_MATH = YES;
				SDKROOT = iphoneos;
				SWIFT_COMPILATION_MODE = wholemodule;
				SWIFT_OPTIMIZATION_LEVEL = "-O";
				VALIDATE_PRODUCT = YES;
			};
			name = Release;
		};
		D33A0FEE26B10D63002DA455 /* Debug */ = {
			isa = XCBuildConfiguration;
			buildSettings = {
				ASSETCATALOG_COMPILER_APPICON_NAME = AppIcon;
				ASSETCATALOG_COMPILER_GLOBAL_ACCENT_COLOR_NAME = AccentColor;
				CODE_SIGN_STYLE = Automatic;
				DEVELOPMENT_ASSET_PATHS = "\"GitHubClient/Preview Content\"";
				DEVELOPMENT_TEAM = 2X6AD4W323;
				ENABLE_PREVIEWS = YES;
				INFOPLIST_FILE = GitHubClient/Info.plist;
				IPHONEOS_DEPLOYMENT_TARGET = 14.0;
				LD_RUNPATH_SEARCH_PATHS = (
					"$(inherited)",
					"@executable_path/Frameworks",
				);
				PRODUCT_BUNDLE_IDENTIFIER = dev.fummicc1.GitHubClient;
				PRODUCT_NAME = "$(TARGET_NAME)";
				SWIFT_VERSION = 5.0;
				TARGETED_DEVICE_FAMILY = "1,2";
			};
			name = Debug;
		};
		D33A0FEF26B10D63002DA455 /* Release */ = {
			isa = XCBuildConfiguration;
			buildSettings = {
				ASSETCATALOG_COMPILER_APPICON_NAME = AppIcon;
				ASSETCATALOG_COMPILER_GLOBAL_ACCENT_COLOR_NAME = AccentColor;
				CODE_SIGN_STYLE = Automatic;
				DEVELOPMENT_ASSET_PATHS = "\"GitHubClient/Preview Content\"";
				DEVELOPMENT_TEAM = 2X6AD4W323;
				ENABLE_PREVIEWS = YES;
				INFOPLIST_FILE = GitHubClient/Info.plist;
				IPHONEOS_DEPLOYMENT_TARGET = 14.0;
				LD_RUNPATH_SEARCH_PATHS = (
					"$(inherited)",
					"@executable_path/Frameworks",
				);
				PRODUCT_BUNDLE_IDENTIFIER = dev.fummicc1.GitHubClient;
				PRODUCT_NAME = "$(TARGET_NAME)";
				SWIFT_VERSION = 5.0;
				TARGETED_DEVICE_FAMILY = "1,2";
			};
			name = Release;
		};
		D33A0FFC26B10D75002DA455 /* Debug */ = {
			isa = XCBuildConfiguration;
			buildSettings = {
				BUNDLE_LOADER = "$(TEST_HOST)";
				CODE_SIGN_STYLE = Automatic;
				DEVELOPMENT_TEAM = 2X6AD4W323;
				INFOPLIST_FILE = GitHubClientTests/Info.plist;
				LD_RUNPATH_SEARCH_PATHS = (
					"$(inherited)",
					"@executable_path/Frameworks",
					"@loader_path/Frameworks",
				);
				PRODUCT_BUNDLE_IDENTIFIER = dev.fummicc1.GitHubClientTests;
				PRODUCT_NAME = "$(TARGET_NAME)";
				SWIFT_VERSION = 5.0;
				TARGETED_DEVICE_FAMILY = "1,2";
				TEST_HOST = "$(BUILT_PRODUCTS_DIR)/GitHubClient.app/GitHubClient";
			};
			name = Debug;
		};
		D33A0FFD26B10D75002DA455 /* Release */ = {
			isa = XCBuildConfiguration;
			buildSettings = {
				BUNDLE_LOADER = "$(TEST_HOST)";
				CODE_SIGN_STYLE = Automatic;
				DEVELOPMENT_TEAM = 2X6AD4W323;
				INFOPLIST_FILE = GitHubClientTests/Info.plist;
				LD_RUNPATH_SEARCH_PATHS = (
					"$(inherited)",
					"@executable_path/Frameworks",
					"@loader_path/Frameworks",
				);
				PRODUCT_BUNDLE_IDENTIFIER = dev.fummicc1.GitHubClientTests;
				PRODUCT_NAME = "$(TARGET_NAME)";
				SWIFT_VERSION = 5.0;
				TARGETED_DEVICE_FAMILY = "1,2";
				TEST_HOST = "$(BUILT_PRODUCTS_DIR)/GitHubClient.app/GitHubClient";
			};
			name = Release;
		};
/* End XCBuildConfiguration section */

/* Begin XCConfigurationList section */
		D33A0FD926B10D62002DA455 /* Build configuration list for PBXProject "GitHubClient" */ = {
			isa = XCConfigurationList;
			buildConfigurations = (
				D33A0FEB26B10D63002DA455 /* Debug */,
				D33A0FEC26B10D63002DA455 /* Release */,
			);
			defaultConfigurationIsVisible = 0;
			defaultConfigurationName = Release;
		};
		D33A0FED26B10D63002DA455 /* Build configuration list for PBXNativeTarget "GitHubClient" */ = {
			isa = XCConfigurationList;
			buildConfigurations = (
				D33A0FEE26B10D63002DA455 /* Debug */,
				D33A0FEF26B10D63002DA455 /* Release */,
			);
			defaultConfigurationIsVisible = 0;
			defaultConfigurationName = Release;
		};
		D33A0FFB26B10D75002DA455 /* Build configuration list for PBXNativeTarget "GitHubClientTests" */ = {
			isa = XCConfigurationList;
			buildConfigurations = (
				D33A0FFC26B10D75002DA455 /* Debug */,
				D33A0FFD26B10D75002DA455 /* Release */,
			);
			defaultConfigurationIsVisible = 0;
			defaultConfigurationName = Release;
		};
/* End XCConfigurationList section */

/* Begin XCRemoteSwiftPackageReference section */
		D33A0FFE26B10DE6002DA455 /* XCRemoteSwiftPackageReference "apollo-ios" */ = {
			isa = XCRemoteSwiftPackageReference;
			repositoryURL = "https://github.com/apollographql/apollo-ios";
			requirement = {
				kind = upToNextMajorVersion;
				minimumVersion = 0.45.0;
			};
		};
		D34D20A026CE640A006B86EF /* XCRemoteSwiftPackageReference "SwiftUIX" */ = {
			isa = XCRemoteSwiftPackageReference;
			repositoryURL = "https://github.com/SwiftUIX/SwiftUIX";
			requirement = {
				kind = upToNextMajorVersion;
				minimumVersion = 0.0.8;
			};
		};
		D3BA478D26D7962300C1F5B5 /* XCRemoteSwiftPackageReference "Alamofire" */ = {
			isa = XCRemoteSwiftPackageReference;
			repositoryURL = "https://github.com/Alamofire/Alamofire";
			requirement = {
				kind = upToNextMajorVersion;
				minimumVersion = 5.4.3;
			};
		};
		D3BA479A26D7D08400C1F5B5 /* XCRemoteSwiftPackageReference "KeychainAccess" */ = {
			isa = XCRemoteSwiftPackageReference;
			repositoryURL = "https://github.com/kishikawakatsumi/KeychainAccess";
			requirement = {
				kind = upToNextMajorVersion;
				minimumVersion = 4.2.2;
			};
		};
		D3BC9A5E26D3849C0063A9F5 /* XCRemoteSwiftPackageReference "Kingfisher" */ = {
			isa = XCRemoteSwiftPackageReference;
			repositoryURL = "https://github.com/onevcat/Kingfisher";
			requirement = {
				kind = upToNextMajorVersion;
				minimumVersion = 6.3.1;
			};
		};
		D3BC9A6726D483AA0063A9F5 /* XCRemoteSwiftPackageReference "Swinject" */ = {
			isa = XCRemoteSwiftPackageReference;
			repositoryURL = "https://github.com/Swinject/Swinject";
			requirement = {
				kind = upToNextMajorVersion;
				minimumVersion = 2.8.0;
			};
		};
		D3F1BAC026CD347300046689 /* XCRemoteSwiftPackageReference "Cuckoo" */ = {
			isa = XCRemoteSwiftPackageReference;
			repositoryURL = "https://github.com/Brightify/Cuckoo";
			requirement = {
				kind = upToNextMajorVersion;
				minimumVersion = 1.5.1;
			};
		};
		D3F1BACC26CD502B00046689 /* XCRemoteSwiftPackageReference "Resolver" */ = {
			isa = XCRemoteSwiftPackageReference;
			repositoryURL = "https://github.com/hmlongco/Resolver";
			requirement = {
				kind = upToNextMajorVersion;
				minimumVersion = 1.4.3;
			};
		};
/* End XCRemoteSwiftPackageReference section */

/* Begin XCSwiftPackageProductDependency section */
		D33A0FFF26B10DE7002DA455 /* Apollo */ = {
			isa = XCSwiftPackageProductDependency;
			package = D33A0FFE26B10DE6002DA455 /* XCRemoteSwiftPackageReference "apollo-ios" */;
			productName = Apollo;
		};
		D34D20A126CE640A006B86EF /* SwiftUIX */ = {
			isa = XCSwiftPackageProductDependency;
			package = D34D20A026CE640A006B86EF /* XCRemoteSwiftPackageReference "SwiftUIX" */;
			productName = SwiftUIX;
		};
		D3BA478E26D7962300C1F5B5 /* Alamofire */ = {
			isa = XCSwiftPackageProductDependency;
			package = D3BA478D26D7962300C1F5B5 /* XCRemoteSwiftPackageReference "Alamofire" */;
			productName = Alamofire;
		};
		D3BA479B26D7D08400C1F5B5 /* KeychainAccess */ = {
			isa = XCSwiftPackageProductDependency;
			package = D3BA479A26D7D08400C1F5B5 /* XCRemoteSwiftPackageReference "KeychainAccess" */;
			productName = KeychainAccess;
		};
		D3BC9A5F26D3849C0063A9F5 /* Kingfisher */ = {
			isa = XCSwiftPackageProductDependency;
			package = D3BC9A5E26D3849C0063A9F5 /* XCRemoteSwiftPackageReference "Kingfisher" */;
			productName = Kingfisher;
		};
		D3BC9A6826D483AB0063A9F5 /* Swinject */ = {
			isa = XCSwiftPackageProductDependency;
			package = D3BC9A6726D483AA0063A9F5 /* XCRemoteSwiftPackageReference "Swinject" */;
			productName = Swinject;
		};
		D3F1BAC526CD416300046689 /* Cuckoo */ = {
			isa = XCSwiftPackageProductDependency;
			package = D3F1BAC026CD347300046689 /* XCRemoteSwiftPackageReference "Cuckoo" */;
			productName = Cuckoo;
		};
/* End XCSwiftPackageProductDependency section */
	};
	rootObject = D33A0FD626B10D62002DA455 /* Project object */;
}
